
Microsoft Visual Studio Solution File, Format Version 12.00
# Visual Studio Version 17
VisualStudioVersion = 17.13.35931.197 d17.13
MinimumVisualStudioVersion = 10.0.40219.1
Project("{FAE04EC0-301F-11D3-BF4B-00C04F79EFBC}") = "JogoDaVelha", "JogoDaVelha\JogoDaVelha.csproj", "{F86ABF63-F379-4205-99C7-FF53A02EA2AB}"
EndProject
Global
	GlobalSection(SolutionConfigurationPlatforms) = preSolution
		Debug|Any CPU = Debug|Any CPU
		Release|Any CPU = Release|Any CPU
	EndGlobalSection
	GlobalSection(ProjectConfigurationPlatforms) = postSolution
		{F86ABF63-F379-4205-99C7-FF53A02EA2AB}.Debug|Any CPU.ActiveCfg = Debug|Any CPU
		{F86ABF63-F379-4205-99C7-FF53A02EA2AB}.Debug|Any CPU.Build.0 = Debug|Any CPU
		{F86ABF63-F379-4205-99C7-FF53A02EA2AB}.Debug|Any CPU.Deploy.0 = Debug|Any CPU
		{F86ABF63-F379-4205-99C7-FF53A02EA2AB}.Release|Any CPU.ActiveCfg = Release|Any CPU
		{F86ABF63-F379-4205-99C7-FF53A02EA2AB}.Release|Any CPU.Build.0 = Release|Any CPU
		{F86ABF63-F379-4205-99C7-FF53A02EA2AB}.Release|Any CPU.Deploy.0 = Release|Any CPU
	EndGlobalSection
	GlobalSection(SolutionProperties) = preSolution
		HideSolutionNode = FALSE
	EndGlobalSection
	GlobalSection(ExtensibilityGlobals) = postSolution
		SolutionGuid = {7ED858FB-4FF7-4CD5-B03F-6F97B6C86821}
	EndGlobalSection
EndGlobal
